// !$*UTF8*$!
{
	archiveVersion = 1;
	classes = {
	};
	objectVersion = 46;
	objects = {

/* Begin PBXBuildFile section */
		6986CEDD1ADD227900B29883 /* main.m in Sources */ = {isa = PBXBuildFile; fileRef = 6986CEDC1ADD227900B29883 /* main.m */; };
		6986CEE01ADD227900B29883 /* AppDelegate.m in Sources */ = {isa = PBXBuildFile; fileRef = 6986CEDF1ADD227900B29883 /* AppDelegate.m */; };
		6986CEE31ADD227900B29883 /* ViewController.m in Sources */ = {isa = PBXBuildFile; fileRef = 6986CEE21ADD227900B29883 /* ViewController.m */; };
		6986CEE61ADD227900B29883 /* Main.storyboard in Resources */ = {isa = PBXBuildFile; fileRef = 6986CEE41ADD227900B29883 /* Main.storyboard */; };
		6986CEE81ADD227900B29883 /* Images.xcassets in Resources */ = {isa = PBXBuildFile; fileRef = 6986CEE71ADD227900B29883 /* Images.xcassets */; };
		6986CEEB1ADD227900B29883 /* LaunchScreen.xib in Resources */ = {isa = PBXBuildFile; fileRef = 6986CEE91ADD227900B29883 /* LaunchScreen.xib */; };
		6986CEF71ADD227900B29883 /* retainCycleTests.m in Sources */ = {isa = PBXBuildFile; fileRef = 6986CEF61ADD227900B29883 /* retainCycleTests.m */; };
		6986CF021ADD23B700B29883 /* detailViewController.m in Sources */ = {isa = PBXBuildFile; fileRef = 6986CF011ADD23B700B29883 /* detailViewController.m */; };
/* End PBXBuildFile section */

/* Begin PBXContainerItemProxy section */
		6986CEF11ADD227900B29883 /* PBXContainerItemProxy */ = {
			isa = PBXContainerItemProxy;
			containerPortal = 6986CECF1ADD227900B29883 /* Project object */;
			proxyType = 1;
			remoteGlobalIDString = 6986CED61ADD227900B29883;
			remoteInfo = retainCycle;
		};
/* End PBXContainerItemProxy section */

/* Begin PBXFileReference section */
		6986CED71ADD227900B29883 /* retainCycle.app */ = {isa = PBXFileReference; explicitFileType = wrapper.application; includeInIndex = 0; path = retainCycle.app; sourceTree = BUILT_PRODUCTS_DIR; };
		6986CEDB1ADD227900B29883 /* Info.plist */ = {isa = PBXFileReference; lastKnownFileType = text.plist.xml; path = Info.plist; sourceTree = "<group>"; };
		6986CEDC1ADD227900B29883 /* main.m */ = {isa = PBXFileReference; lastKnownFileType = sourcecode.c.objc; path = main.m; sourceTree = "<group>"; };
		6986CEDE1ADD227900B29883 /* AppDelegate.h */ = {isa = PBXFileReference; lastKnownFileType = sourcecode.c.h; path = AppDelegate.h; sourceTree = "<group>"; };
		6986CEDF1ADD227900B29883 /* AppDelegate.m */ = {isa = PBXFileReference; lastKnownFileType = sourcecode.c.objc; path = AppDelegate.m; sourceTree = "<group>"; };
		6986CEE11ADD227900B29883 /* ViewController.h */ = {isa = PBXFileReference; lastKnownFileType = sourcecode.c.h; path = ViewController.h; sourceTree = "<group>"; };
		6986CEE21ADD227900B29883 /* ViewController.m */ = {isa = PBXFileReference; lastKnownFileType = sourcecode.c.objc; path = ViewController.m; sourceTree = "<group>"; };
		6986CEE51ADD227900B29883 /* Base */ = {isa = PBXFileReference; lastKnownFileType = file.storyboard; name = Base; path = Base.lproj/Main.storyboard; sourceTree = "<group>"; };
		6986CEE71ADD227900B29883 /* Images.xcassets */ = {isa = PBXFileReference; lastKnownFileType = folder.assetcatalog; path = Images.xcassets; sourceTree = "<group>"; };
		6986CEEA1ADD227900B29883 /* Base */ = {isa = PBXFileReference; lastKnownFileType = file.xib; name = Base; path = Base.lproj/LaunchScreen.xib; sourceTree = "<group>"; };
		6986CEF01ADD227900B29883 /* retainCycleTests.xctest */ = {isa = PBXFileReference; explicitFileType = wrapper.cfbundle; includeInIndex = 0; path = retainCycleTests.xctest; sourceTree = BUILT_PRODUCTS_DIR; };
		6986CEF51ADD227900B29883 /* Info.plist */ = {isa = PBXFileReference; lastKnownFileType = text.plist.xml; path = Info.plist; sourceTree = "<group>"; };
		6986CEF61ADD227900B29883 /* retainCycleTests.m */ = {isa = PBXFileReference; lastKnownFileType = sourcecode.c.objc; path = retainCycleTests.m; sourceTree = "<group>"; };
		6986CF001ADD23B700B29883 /* detailViewController.h */ = {isa = PBXFileReference; fileEncoding = 4; lastKnownFileType = sourcecode.c.h; path = detailViewController.h; sourceTree = "<group>"; };
		6986CF011ADD23B700B29883 /* detailViewController.m */ = {isa = PBXFileReference; fileEncoding = 4; lastKnownFileType = sourcecode.c.objc; path = detailViewController.m; sourceTree = "<group>"; };
/* End PBXFileReference section */

/* Begin PBXFrameworksBuildPhase section */
		6986CED41ADD227900B29883 /* Frameworks */ = {
			isa = PBXFrameworksBuildPhase;
			buildActionMask = 2147483647;
			files = (
			);
			runOnlyForDeploymentPostprocessing = 0;
		};
		6986CEED1ADD227900B29883 /* Frameworks */ = {
			isa = PBXFrameworksBuildPhase;
			buildActionMask = 2147483647;
			files = (
			);
			runOnlyForDeploymentPostprocessing = 0;
		};
/* End PBXFrameworksBuildPhase section */

/* Begin PBXGroup section */
		6986CECE1ADD227900B29883 = {
			isa = PBXGroup;
			children = (
				6986CED91ADD227900B29883 /* retainCycle */,
				6986CEF31ADD227900B29883 /* retainCycleTests */,
				6986CED81ADD227900B29883 /* Products */,
			);
			sourceTree = "<group>";
		};
		6986CED81ADD227900B29883 /* Products */ = {
			isa = PBXGroup;
			children = (
				6986CED71ADD227900B29883 /* retainCycle.app */,
				6986CEF01ADD227900B29883 /* retainCycleTests.xctest */,
			);
			name = Products;
			sourceTree = "<group>";
		};
		6986CED91ADD227900B29883 /* retainCycle */ = {
			isa = PBXGroup;
			children = (
				6986CEDE1ADD227900B29883 /* AppDelegate.h */,
				6986CEDF1ADD227900B29883 /* AppDelegate.m */,
				6986CEE11ADD227900B29883 /* ViewController.h */,
				6986CEE21ADD227900B29883 /* ViewController.m */,
				6986CEE41ADD227900B29883 /* Main.storyboard */,
				6986CF001ADD23B700B29883 /* detailViewController.h */,
				6986CF011ADD23B700B29883 /* detailViewController.m */,
				6986CEE71ADD227900B29883 /* Images.xcassets */,
				6986CEE91ADD227900B29883 /* LaunchScreen.xib */,
				6986CEDA1ADD227900B29883 /* Supporting Files */,
			);
			path = retainCycle;
			sourceTree = "<group>";
		};
		6986CEDA1ADD227900B29883 /* Supporting Files */ = {
			isa = PBXGroup;
			children = (
				6986CEDB1ADD227900B29883 /* Info.plist */,
				6986CEDC1ADD227900B29883 /* main.m */,
			);
			name = "Supporting Files";
			sourceTree = "<group>";
		};
		6986CEF31ADD227900B29883 /* retainCycleTests */ = {
			isa = PBXGroup;
			children = (
				6986CEF61ADD227900B29883 /* retainCycleTests.m */,
				6986CEF41ADD227900B29883 /* Supporting Files */,
			);
			path = retainCycleTests;
			sourceTree = "<group>";
		};
		6986CEF41ADD227900B29883 /* Supporting Files */ = {
			isa = PBXGroup;
			children = (
				6986CEF51ADD227900B29883 /* Info.plist */,
			);
			name = "Supporting Files";
			sourceTree = "<group>";
		};
/* End PBXGroup section */

/* Begin PBXNativeTarget section */
		6986CED61ADD227900B29883 /* retainCycle */ = {
			isa = PBXNativeTarget;
			buildConfigurationList = 6986CEFA1ADD227900B29883 /* Build configuration list for PBXNativeTarget "retainCycle" */;
			buildPhases = (
				6986CED31ADD227900B29883 /* Sources */,
				6986CED41ADD227900B29883 /* Frameworks */,
				6986CED51ADD227900B29883 /* Resources */,
			);
			buildRules = (
			);
			dependencies = (
			);
			name = retainCycle;
			productName = retainCycle;
			productReference = 6986CED71ADD227900B29883 /* retainCycle.app */;
			productType = "com.apple.product-type.application";
		};
		6986CEEF1ADD227900B29883 /* retainCycleTests */ = {
			isa = PBXNativeTarget;
			buildConfigurationList = 6986CEFD1ADD227900B29883 /* Build configuration list for PBXNativeTarget "retainCycleTests" */;
			buildPhases = (
				6986CEEC1ADD227900B29883 /* Sources */,
				6986CEED1ADD227900B29883 /* Frameworks */,
				6986CEEE1ADD227900B29883 /* Resources */,
			);
			buildRules = (
			);
			dependencies = (
				6986CEF21ADD227900B29883 /* PBXTargetDependency */,
			);
			name = retainCycleTests;
			productName = retainCycleTests;
			productReference = 6986CEF01ADD227900B29883 /* retainCycleTests.xctest */;
			productType = "com.apple.product-type.bundle.unit-test";
		};
/* End PBXNativeTarget section */

/* Begin PBXProject section */
		6986CECF1ADD227900B29883 /* Project object */ = {
			isa = PBXProject;
			attributes = {
				LastUpgradeCheck = 0620;
				ORGANIZATIONNAME = "戴 暁華";
				TargetAttributes = {
					6986CED61ADD227900B29883 = {
						CreatedOnToolsVersion = 6.2;
					};
					6986CEEF1ADD227900B29883 = {
						CreatedOnToolsVersion = 6.2;
						TestTargetID = 6986CED61ADD227900B29883;
					};
				};
			};
			buildConfigurationList = 6986CED21ADD227900B29883 /* Build configuration list for PBXProject "retainCycle" */;
			compatibilityVersion = "Xcode 3.2";
			developmentRegion = English;
			hasScannedForEncodings = 0;
			knownRegions = (
				en,
				Base,
			);
			mainGroup = 6986CECE1ADD227900B29883;
			productRefGroup = 6986CED81ADD227900B29883 /* Products */;
			projectDirPath = "";
			projectRoot = "";
			targets = (
				6986CED61ADD227900B29883 /* retainCycle */,
				6986CEEF1ADD227900B29883 /* retainCycleTests */,
			);
		};
/* End PBXProject section */

/* Begin PBXResourcesBuildPhase section */
		6986CED51ADD227900B29883 /* Resources */ = {
			isa = PBXResourcesBuildPhase;
			buildActionMask = 2147483647;
			files = (
				6986CEE61ADD227900B29883 /* Main.storyboard in Resources */,
				6986CEEB1ADD227900B29883 /* LaunchScreen.xib in Resources */,
				6986CEE81ADD227900B29883 /* Images.xcassets in Resources */,
			);
			runOnlyForDeploymentPostprocessing = 0;
		};
		6986CEEE1ADD227900B29883 /* Resources */ = {
			isa = PBXResourcesBuildPhase;
			buildActionMask = 2147483647;
			files = (
			);
			runOnlyForDeploymentPostprocessing = 0;
		};
/* End PBXResourcesBuildPhase section */

/* Begin PBXSourcesBuildPhase section */
		6986CED31ADD227900B29883 /* Sources */ = {
			isa = PBXSourcesBuildPhase;
			buildActionMask = 2147483647;
			files = (
				6986CEE31ADD227900B29883 /* ViewController.m in Sources */,
				6986CEE01ADD227900B29883 /* AppDelegate.m in Sources */,
				6986CEDD1ADD227900B29883 /* main.m in Sources */,
				6986CF021ADD23B700B29883 /* detailViewController.m in Sources */,
			);
			runOnlyForDeploymentPostprocessing = 0;
		};
		6986CEEC1ADD227900B29883 /* Sources */ = {
			isa = PBXSourcesBuildPhase;
			buildActionMask = 2147483647;
			files = (
				6986CEF71ADD227900B29883 /* retainCycleTests.m in Sources */,
			);
			runOnlyForDeploymentPostprocessing = 0;
		};
/* End PBXSourcesBuildPhase section */

/* Begin PBXTargetDependency section */
		6986CEF21ADD227900B29883 /* PBXTargetDependency */ = {
			isa = PBXTargetDependency;
			target = 6986CED61ADD227900B29883 /* retainCycle */;
			targetProxy = 6986CEF11ADD227900B29883 /* PBXContainerItemProxy */;
		};
/* End PBXTargetDependency section */

/* Begin PBXVariantGroup section */
		6986CEE41ADD227900B29883 /* Main.storyboard */ = {
			isa = PBXVariantGroup;
			children = (
				6986CEE51ADD227900B29883 /* Base */,
			);
			name = Main.storyboard;
			sourceTree = "<group>";
		};
		6986CEE91ADD227900B29883 /* LaunchScreen.xib */ = {
			isa = PBXVariantGroup;
			children = (
				6986CEEA1ADD227900B29883 /* Base */,
			);
			name = LaunchScreen.xib;
			sourceTree = "<group>";
		};
/* End PBXVariantGroup section */

/* Begin XCBuildConfiguration section */
		6986CEF81ADD227900B29883 /* Debug */ = {
			isa = XCBuildConfiguration;
			buildSettings = {
				ALWAYS_SEARCH_USER_PATHS = NO;
				CLANG_CXX_LANGUAGE_STANDARD = "gnu++0x";
				CLANG_CXX_LIBRARY = "libc++";
				CLANG_ENABLE_MODULES = YES;
				CLANG_ENABLE_OBJC_ARC = YES;
				CLANG_WARN_BOOL_CONVERSION = YES;
				CLANG_WARN_CONSTANT_CONVERSION = YES;
				CLANG_WARN_DIRECT_OBJC_ISA_USAGE = YES_ERROR;
				CLANG_WARN_EMPTY_BODY = YES;
				CLANG_WARN_ENUM_CONVERSION = YES;
				CLANG_WARN_INT_CONVERSION = YES;
				CLANG_WARN_OBJC_ROOT_CLASS = YES_ERROR;
				CLANG_WARN_UNREACHABLE_CODE = YES;
				CLANG_WARN__DUPLICATE_METHOD_MATCH = YES;
				"CODE_SIGN_IDENTITY[sdk=iphoneos*]" = "iPhone Developer";
				COPY_PHASE_STRIP = NO;
				ENABLE_STRICT_OBJC_MSGSEND = YES;
				GCC_C_LANGUAGE_STANDARD = gnu99;
				GCC_DYNAMIC_NO_PIC = NO;
				GCC_OPTIMIZATION_LEVEL = 0;
				GCC_PREPROCESSOR_DEFINITIONS = (
					"DEBUG=1",
					"$(inherited)",
				);
				GCC_SYMBOLS_PRIVATE_EXTERN = NO;
				GCC_WARN_64_TO_32_BIT_CONVERSION = YES;
				GCC_WARN_ABOUT_RETURN_TYPE = YES_ERROR;
				GCC_WARN_UNDECLARED_SELECTOR = YES;
				GCC_WARN_UNINITIALIZED_AUTOS = YES_AGGRESSIVE;
				GCC_WARN_UNUSED_FUNCTION = YES;
				GCC_WARN_UNUSED_VARIABLE = YES;
				IPHONEOS_DEPLOYMENT_TARGET = 8.2;
				MTL_ENABLE_DEBUG_INFO = YES;
				ONLY_ACTIVE_ARCH = YES;
				SDKROOT = iphoneos;
			};
			name = Debug;
		};
		6986CEF91ADD227900B29883 /* Release */ = {
			isa = XCBuildConfiguration;
			buildSettings = {
				ALWAYS_SEARCH_USER_PATHS = NO;
				CLANG_CXX_LANGUAGE_STANDARD = "gnu++0x";
				CLANG_CXX_LIBRARY = "libc++";
				CLANG_ENABLE_MODULES = YES;
				CLANG_ENABLE_OBJC_ARC = YES;
				CLANG_WARN_BOOL_CONVERSION = YES;
				CLANG_WARN_CONSTANT_CONVERSION = YES;
				CLANG_WARN_DIRECT_OBJC_ISA_USAGE = YES_ERROR;
				CLANG_WARN_EMPTY_BODY = YES;
				CLANG_WARN_ENUM_CONVERSION = YES;
				CLANG_WARN_INT_CONVERSION = YES;
				CLANG_WARN_OBJC_ROOT_CLASS = YES_ERROR;
				CLANG_WARN_UNREACHABLE_CODE = YES;
				CLANG_WARN__DUPLICATE_METHOD_MATCH = YES;
				"CODE_SIGN_IDENTITY[sdk=iphoneos*]" = "iPhone Developer";
				COPY_PHASE_STRIP = NO;
				ENABLE_NS_ASSERTIONS = NO;
				ENABLE_STRICT_OBJC_MSGSEND = YES;
				GCC_C_LANGUAGE_STANDARD = gnu99;
				GCC_WARN_64_TO_32_BIT_CONVERSION = YES;
				GCC_WARN_ABOUT_RETURN_TYPE = YES_ERROR;
				GCC_WARN_UNDECLARED_SELECTOR = YES;
				GCC_WARN_UNINITIALIZED_AUTOS = YES_AGGRESSIVE;
				GCC_WARN_UNUSED_FUNCTION = YES;
				GCC_WARN_UNUSED_VARIABLE = YES;
				IPHONEOS_DEPLOYMENT_TARGET = 8.2;
				MTL_ENABLE_DEBUG_INFO = NO;
				SDKROOT = iphoneos;
				VALIDATE_PRODUCT = YES;
			};
			name = Release;
		};
		6986CEFB1ADD227900B29883 /* Debug */ = {
			isa = XCBuildConfiguration;
			buildSettings = {
				ASSETCATALOG_COMPILER_APPICON_NAME = AppIcon;
				INFOPLIST_FILE = retainCycle/Info.plist;
				LD_RUNPATH_SEARCH_PATHS = "$(inherited) @executable_path/Frameworks";
				PRODUCT_NAME = "$(TARGET_NAME)";
			};
			name = Debug;
		};
		6986CEFC1ADD227900B29883 /* Release */ = {
			isa = XCBuildConfiguration;
			buildSettings = {
				ASSETCATALOG_COMPILER_APPICON_NAME = AppIcon;
				INFOPLIST_FILE = retainCycle/Info.plist;
				LD_RUNPATH_SEARCH_PATHS = "$(inherited) @executable_path/Frameworks";
				PRODUCT_NAME = "$(TARGET_NAME)";
			};
			name = Release;
		};
		6986CEFE1ADD227900B29883 /* Debug */ = {
			isa = XCBuildConfiguration;
			buildSettings = {
				BUNDLE_LOADER = "$(TEST_HOST)";
				FRAMEWORK_SEARCH_PATHS = (
					"$(SDKROOT)/Developer/Library/Frameworks",
					"$(inherited)",
				);
				GCC_PREPROCESSOR_DEFINITIONS = (
					"DEBUG=1",
					"$(inherited)",
				);
				INFOPLIST_FILE = retainCycleTests/Info.plist;
				LD_RUNPATH_SEARCH_PATHS = "$(inherited) @executable_path/Frameworks @loader_path/Frameworks";
				PRODUCT_NAME = "$(TARGET_NAME)";
				TEST_HOST = "$(BUILT_PRODUCTS_DIR)/retainCycle.app/retainCycle";
			};
			name = Debug;
		};
		6986CEFF1ADD227900B29883 /* Release */ = {
			isa = XCBuildConfiguration;
			buildSettings = {
				BUNDLE_LOADER = "$(TEST_HOST)";
				FRAMEWORK_SEARCH_PATHS = (
					"$(SDKROOT)/Developer/Library/Frameworks",
					"$(inherited)",
				);
				INFOPLIST_FILE = retainCycleTests/Info.plist;
				LD_RUNPATH_SEARCH_PATHS = "$(inherited) @executable_path/Frameworks @loader_path/Frameworks";
				PRODUCT_NAME = "$(TARGET_NAME)";
				TEST_HOST = "$(BUILT_PRODUCTS_DIR)/retainCycle.app/retainCycle";
			};
			name = Release;
		};
/* End XCBuildConfiguration section */

/* Begin XCConfigurationList section */
		6986CED21ADD227900B29883 /* Build configuration list for PBXProject "retainCycle" */ = {
			isa = XCConfigurationList;
			buildConfigurations = (
				6986CEF81ADD227900B29883 /* Debug */,
				6986CEF91ADD227900B29883 /* Release */,
			);
			defaultConfigurationIsVisible = 0;
			defaultConfigurationName = Release;
		};
		6986CEFA1ADD227900B29883 /* Build configuration list for PBXNativeTarget "retainCycle" */ = {
			isa = XCConfigurationList;
			buildConfigurations = (
				6986CEFB1ADD227900B29883 /* Debug */,
				6986CEFC1ADD227900B29883 /* Release */,
			);
			defaultConfigurationIsVisible = 0;
		};
		6986CEFD1ADD227900B29883 /* Build configuration list for PBXNativeTarget "retainCycleTests" */ = {
			isa = XCConfigurationList;
			buildConfigurations = (
				6986CEFE1ADD227900B29883 /* Debug */,
				6986CEFF1ADD227900B29883 /* Release */,
			);
			defaultConfigurationIsVisible = 0;
		};
/* End XCConfigurationList section */
	};
	rootObject = 6986CECF1ADD227900B29883 /* Project object */;
}
